
Microsoft Visual Studio Solution File, Format Version 12.00
# Visual Studio 15
VisualStudioVersion = 15.0.27004.2005
MinimumVisualStudioVersion = 10.0.40219.1
Project("{FAE04EC0-301F-11D3-BF4B-00C04F79EFBC}") = "GTD.Android", "GTD\GTD.Android\GTD.Android.csproj", "{4D331E64-19A1-4D38-872C-2EC8B0EA1EB2}"
EndProject
Project("{FAE04EC0-301F-11D3-BF4B-00C04F79EFBC}") = "GTD", "GTD\GTD\GTD.csproj", "{80C4577E-32ED-4395-9DEB-414A10355BBC}"
EndProject
Project("{FAE04EC0-301F-11D3-BF4B-00C04F79EFBC}") = "GTD.UWP", "GTD\GTD.UWP\GTD.UWP.csproj", "{58FD8DD5-42EA-4DC8-A3E4-501320E43D9F}"
EndProject
Project("{FAE04EC0-301F-11D3-BF4B-00C04F79EFBC}") = "GTD.iOS", "GTD\GTD.iOS\GTD.iOS.csproj", "{B999A32A-5102-464B-B7EA-4122ADFDD4C6}"
EndProject
Project("{FAE04EC0-301F-11D3-BF4B-00C04F79EFBC}") = "GTD.DbConnector", "GTD.DbConnector\GTD.DbConnector.csproj", "{A1A041A6-1D1F-4184-B3BD-17D4EAA8B362}"
EndProject
Global
	GlobalSection(SolutionConfigurationPlatforms) = preSolution
		Ad-Hoc|Any CPU = Ad-Hoc|Any CPU
		Ad-Hoc|ARM = Ad-Hoc|ARM
		Ad-Hoc|iPhone = Ad-Hoc|iPhone
		Ad-Hoc|iPhoneSimulator = Ad-Hoc|iPhoneSimulator
		Ad-Hoc|x64 = Ad-Hoc|x64
		Ad-Hoc|x86 = Ad-Hoc|x86
		AppStore|Any CPU = AppStore|Any CPU
		AppStore|ARM = AppStore|ARM
		AppStore|iPhone = AppStore|iPhone
		AppStore|iPhoneSimulator = AppStore|iPhoneSimulator
		AppStore|x64 = AppStore|x64
		AppStore|x86 = AppStore|x86
		Debug|Any CPU = Debug|Any CPU
		Debug|ARM = Debug|ARM
		Debug|iPhone = Debug|iPhone
		Debug|iPhoneSimulator = Debug|iPhoneSimulator
		Debug|x64 = Debug|x64
		Debug|x86 = Debug|x86
		Release|Any CPU = Release|Any CPU
		Release|ARM = Release|ARM
		Release|iPhone = Release|iPhone
		Release|iPhoneSimulator = Release|iPhoneSimulator
		Release|x64 = Release|x64
		Release|x86 = Release|x86
	EndGlobalSection
	GlobalSection(ProjectConfigurationPlatforms) = postSolution
		{4D331E64-19A1-4D38-872C-2EC8B0EA1EB2}.Ad-Hoc|Any CPU.ActiveCfg = Release|Any CPU
		{4D331E64-19A1-4D38-872C-2EC8B0EA1EB2}.Ad-Hoc|Any CPU.Build.0 = Release|Any CPU
		{4D331E64-19A1-4D38-872C-2EC8B0EA1EB2}.Ad-Hoc|Any CPU.Deploy.0 = Release|Any CPU
		{4D331E64-19A1-4D38-872C-2EC8B0EA1EB2}.Ad-Hoc|ARM.ActiveCfg = Release|Any CPU
		{4D331E64-19A1-4D38-872C-2EC8B0EA1EB2}.Ad-Hoc|ARM.Build.0 = Release|Any CPU
		{4D331E64-19A1-4D38-872C-2EC8B0EA1EB2}.Ad-Hoc|ARM.Deploy.0 = Release|Any CPU
		{4D331E64-19A1-4D38-872C-2EC8B0EA1EB2}.Ad-Hoc|iPhone.ActiveCfg = Release|Any CPU
		{4D331E64-19A1-4D38-872C-2EC8B0EA1EB2}.Ad-Hoc|iPhone.Build.0 = Release|Any CPU
		{4D331E64-19A1-4D38-872C-2EC8B0EA1EB2}.Ad-Hoc|iPhone.Deploy.0 = Release|Any CPU
		{4D331E64-19A1-4D38-872C-2EC8B0EA1EB2}.Ad-Hoc|iPhoneSimulator.ActiveCfg = Release|Any CPU
		{4D331E64-19A1-4D38-872C-2EC8B0EA1EB2}.Ad-Hoc|iPhoneSimulator.Build.0 = Release|Any CPU
		{4D331E64-19A1-4D38-872C-2EC8B0EA1EB2}.Ad-Hoc|iPhoneSimulator.Deploy.0 = Release|Any CPU
		{4D331E64-19A1-4D38-872C-2EC8B0EA1EB2}.Ad-Hoc|x64.ActiveCfg = Release|Any CPU
		{4D331E64-19A1-4D38-872C-2EC8B0EA1EB2}.Ad-Hoc|x64.Build.0 = Release|Any CPU
		{4D331E64-19A1-4D38-872C-2EC8B0EA1EB2}.Ad-Hoc|x64.Deploy.0 = Release|Any CPU
		{4D331E64-19A1-4D38-872C-2EC8B0EA1EB2}.Ad-Hoc|x86.ActiveCfg = Release|Any CPU
		{4D331E64-19A1-4D38-872C-2EC8B0EA1EB2}.Ad-Hoc|x86.Build.0 = Release|Any CPU
		{4D331E64-19A1-4D38-872C-2EC8B0EA1EB2}.Ad-Hoc|x86.Deploy.0 = Release|Any CPU
		{4D331E64-19A1-4D38-872C-2EC8B0EA1EB2}.AppStore|Any CPU.ActiveCfg = Release|Any CPU
		{4D331E64-19A1-4D38-872C-2EC8B0EA1EB2}.AppStore|Any CPU.Build.0 = Release|Any CPU
		{4D331E64-19A1-4D38-872C-2EC8B0EA1EB2}.AppStore|Any CPU.Deploy.0 = Release|Any CPU
		{4D331E64-19A1-4D38-872C-2EC8B0EA1EB2}.AppStore|ARM.ActiveCfg = Release|Any CPU
		{4D331E64-19A1-4D38-872C-2EC8B0EA1EB2}.AppStore|ARM.Build.0 = Release|Any CPU
		{4D331E64-19A1-4D38-872C-2EC8B0EA1EB2}.AppStore|ARM.Deploy.0 = Release|Any CPU
		{4D331E64-19A1-4D38-872C-2EC8B0EA1EB2}.AppStore|iPhone.ActiveCfg = Release|Any CPU
		{4D331E64-19A1-4D38-872C-2EC8B0EA1EB2}.AppStore|iPhone.Build.0 = Release|Any CPU
		{4D331E64-19A1-4D38-872C-2EC8B0EA1EB2}.AppStore|iPhone.Deploy.0 = Release|Any CPU
		{4D331E64-19A1-4D38-872C-2EC8B0EA1EB2}.AppStore|iPhoneSimulator.ActiveCfg = Release|Any CPU
		{4D331E64-19A1-4D38-872C-2EC8B0EA1EB2}.AppStore|iPhoneSimulator.Build.0 = Release|Any CPU
		{4D331E64-19A1-4D38-872C-2EC8B0EA1EB2}.AppStore|iPhoneSimulator.Deploy.0 = Release|Any CPU
		{4D331E64-19A1-4D38-872C-2EC8B0EA1EB2}.AppStore|x64.ActiveCfg = Release|Any CPU
		{4D331E64-19A1-4D38-872C-2EC8B0EA1EB2}.AppStore|x64.Build.0 = Release|Any CPU
		{4D331E64-19A1-4D38-872C-2EC8B0EA1EB2}.AppStore|x64.Deploy.0 = Release|Any CPU
		{4D331E64-19A1-4D38-872C-2EC8B0EA1EB2}.AppStore|x86.ActiveCfg = Release|Any CPU
		{4D331E64-19A1-4D38-872C-2EC8B0EA1EB2}.AppStore|x86.Build.0 = Release|Any CPU
		{4D331E64-19A1-4D38-872C-2EC8B0EA1EB2}.AppStore|x86.Deploy.0 = Release|Any CPU
		{4D331E64-19A1-4D38-872C-2EC8B0EA1EB2}.Debug|Any CPU.ActiveCfg = Debug|Any CPU
		{4D331E64-19A1-4D38-872C-2EC8B0EA1EB2}.Debug|Any CPU.Build.0 = Debug|Any CPU
		{4D331E64-19A1-4D38-872C-2EC8B0EA1EB2}.Debug|Any CPU.Deploy.0 = Debug|Any CPU
		{4D331E64-19A1-4D38-872C-2EC8B0EA1EB2}.Debug|ARM.ActiveCfg = Debug|Any CPU
		{4D331E64-19A1-4D38-872C-2EC8B0EA1EB2}.Debug|ARM.Build.0 = Debug|Any CPU
		{4D331E64-19A1-4D38-872C-2EC8B0EA1EB2}.Debug|ARM.Deploy.0 = Debug|Any CPU
		{4D331E64-19A1-4D38-872C-2EC8B0EA1EB2}.Debug|iPhone.ActiveCfg = Debug|Any CPU
		{4D331E64-19A1-4D38-872C-2EC8B0EA1EB2}.Debug|iPhone.Build.0 = Debug|Any CPU
		{4D331E64-19A1-4D38-872C-2EC8B0EA1EB2}.Debug|iPhone.Deploy.0 = Debug|Any CPU
		{4D331E64-19A1-4D38-872C-2EC8B0EA1EB2}.Debug|iPhoneSimulator.ActiveCfg = Debug|Any CPU
		{4D331E64-19A1-4D38-872C-2EC8B0EA1EB2}.Debug|iPhoneSimulator.Build.0 = Debug|Any CPU
		{4D331E64-19A1-4D38-872C-2EC8B0EA1EB2}.Debug|iPhoneSimulator.Deploy.0 = Debug|Any CPU
		{4D331E64-19A1-4D38-872C-2EC8B0EA1EB2}.Debug|x64.ActiveCfg = Debug|Any CPU
		{4D331E64-19A1-4D38-872C-2EC8B0EA1EB2}.Debug|x64.Build.0 = Debug|Any CPU
		{4D331E64-19A1-4D38-872C-2EC8B0EA1EB2}.Debug|x64.Deploy.0 = Debug|Any CPU
		{4D331E64-19A1-4D38-872C-2EC8B0EA1EB2}.Debug|x86.ActiveCfg = Debug|Any CPU
		{4D331E64-19A1-4D38-872C-2EC8B0EA1EB2}.Debug|x86.Build.0 = Debug|Any CPU
		{4D331E64-19A1-4D38-872C-2EC8B0EA1EB2}.Debug|x86.Deploy.0 = Debug|Any CPU
		{4D331E64-19A1-4D38-872C-2EC8B0EA1EB2}.Release|Any CPU.ActiveCfg = Release|Any CPU
		{4D331E64-19A1-4D38-872C-2EC8B0EA1EB2}.Release|Any CPU.Build.0 = Release|Any CPU
		{4D331E64-19A1-4D38-872C-2EC8B0EA1EB2}.Release|Any CPU.Deploy.0 = Release|Any CPU
		{4D331E64-19A1-4D38-872C-2EC8B0EA1EB2}.Release|ARM.ActiveCfg = Release|Any CPU
		{4D331E64-19A1-4D38-872C-2EC8B0EA1EB2}.Release|ARM.Build.0 = Release|Any CPU
		{4D331E64-19A1-4D38-872C-2EC8B0EA1EB2}.Release|ARM.Deploy.0 = Release|Any CPU
		{4D331E64-19A1-4D38-872C-2EC8B0EA1EB2}.Release|iPhone.ActiveCfg = Release|Any CPU
		{4D331E64-19A1-4D38-872C-2EC8B0EA1EB2}.Release|iPhone.Build.0 = Release|Any CPU
		{4D331E64-19A1-4D38-872C-2EC8B0EA1EB2}.Release|iPhone.Deploy.0 = Release|Any CPU
		{4D331E64-19A1-4D38-872C-2EC8B0EA1EB2}.Release|iPhoneSimulator.ActiveCfg = Release|Any CPU
		{4D331E64-19A1-4D38-872C-2EC8B0EA1EB2}.Release|iPhoneSimulator.Build.0 = Release|Any CPU
		{4D331E64-19A1-4D38-872C-2EC8B0EA1EB2}.Release|iPhoneSimulator.Deploy.0 = Release|Any CPU
		{4D331E64-19A1-4D38-872C-2EC8B0EA1EB2}.Release|x64.ActiveCfg = Release|Any CPU
		{4D331E64-19A1-4D38-872C-2EC8B0EA1EB2}.Release|x64.Build.0 = Release|Any CPU
		{4D331E64-19A1-4D38-872C-2EC8B0EA1EB2}.Release|x64.Deploy.0 = Release|Any CPU
		{4D331E64-19A1-4D38-872C-2EC8B0EA1EB2}.Release|x86.ActiveCfg = Release|Any CPU
		{4D331E64-19A1-4D38-872C-2EC8B0EA1EB2}.Release|x86.Build.0 = Release|Any CPU
		{4D331E64-19A1-4D38-872C-2EC8B0EA1EB2}.Release|x86.Deploy.0 = Release|Any CPU
		{80C4577E-32ED-4395-9DEB-414A10355BBC}.Ad-Hoc|Any CPU.ActiveCfg = Release|Any CPU
		{80C4577E-32ED-4395-9DEB-414A10355BBC}.Ad-Hoc|Any CPU.Build.0 = Release|Any CPU
		{80C4577E-32ED-4395-9DEB-414A10355BBC}.Ad-Hoc|ARM.ActiveCfg = Release|Any CPU
		{80C4577E-32ED-4395-9DEB-414A10355BBC}.Ad-Hoc|ARM.Build.0 = Release|Any CPU
		{80C4577E-32ED-4395-9DEB-414A10355BBC}.Ad-Hoc|iPhone.ActiveCfg = Release|Any CPU
		{80C4577E-32ED-4395-9DEB-414A10355BBC}.Ad-Hoc|iPhone.Build.0 = Release|Any CPU
		{80C4577E-32ED-4395-9DEB-414A10355BBC}.Ad-Hoc|iPhoneSimulator.ActiveCfg = Release|Any CPU
		{80C4577E-32ED-4395-9DEB-414A10355BBC}.Ad-Hoc|iPhoneSimulator.Build.0 = Release|Any CPU
		{80C4577E-32ED-4395-9DEB-414A10355BBC}.Ad-Hoc|x64.ActiveCfg = Release|Any CPU
		{80C4577E-32ED-4395-9DEB-414A10355BBC}.Ad-Hoc|x64.Build.0 = Release|Any CPU
		{80C4577E-32ED-4395-9DEB-414A10355BBC}.Ad-Hoc|x86.ActiveCfg = Release|Any CPU
		{80C4577E-32ED-4395-9DEB-414A10355BBC}.Ad-Hoc|x86.Build.0 = Release|Any CPU
		{80C4577E-32ED-4395-9DEB-414A10355BBC}.AppStore|Any CPU.ActiveCfg = Release|Any CPU
		{80C4577E-32ED-4395-9DEB-414A10355BBC}.AppStore|Any CPU.Build.0 = Release|Any CPU
		{80C4577E-32ED-4395-9DEB-414A10355BBC}.AppStore|ARM.ActiveCfg = Release|Any CPU
		{80C4577E-32ED-4395-9DEB-414A10355BBC}.AppStore|ARM.Build.0 = Release|Any CPU
		{80C4577E-32ED-4395-9DEB-414A10355BBC}.AppStore|iPhone.ActiveCfg = Release|Any CPU
		{80C4577E-32ED-4395-9DEB-414A10355BBC}.AppStore|iPhone.Build.0 = Release|Any CPU
		{80C4577E-32ED-4395-9DEB-414A10355BBC}.AppStore|iPhoneSimulator.ActiveCfg = Release|Any CPU
		{80C4577E-32ED-4395-9DEB-414A10355BBC}.AppStore|iPhoneSimulator.Build.0 = Release|Any CPU
		{80C4577E-32ED-4395-9DEB-414A10355BBC}.AppStore|x64.ActiveCfg = Release|Any CPU
		{80C4577E-32ED-4395-9DEB-414A10355BBC}.AppStore|x64.Build.0 = Release|Any CPU
		{80C4577E-32ED-4395-9DEB-414A10355BBC}.AppStore|x86.ActiveCfg = Release|Any CPU
		{80C4577E-32ED-4395-9DEB-414A10355BBC}.AppStore|x86.Build.0 = Release|Any CPU
		{80C4577E-32ED-4395-9DEB-414A10355BBC}.Debug|Any CPU.ActiveCfg = Debug|Any CPU
		{80C4577E-32ED-4395-9DEB-414A10355BBC}.Debug|Any CPU.Build.0 = Debug|Any CPU
		{80C4577E-32ED-4395-9DEB-414A10355BBC}.Debug|ARM.ActiveCfg = Debug|Any CPU
		{80C4577E-32ED-4395-9DEB-414A10355BBC}.Debug|ARM.Build.0 = Debug|Any CPU
		{80C4577E-32ED-4395-9DEB-414A10355BBC}.Debug|iPhone.ActiveCfg = Debug|Any CPU
		{80C4577E-32ED-4395-9DEB-414A10355BBC}.Debug|iPhone.Build.0 = Debug|Any CPU
		{80C4577E-32ED-4395-9DEB-414A10355BBC}.Debug|iPhoneSimulator.ActiveCfg = Debug|Any CPU
		{80C4577E-32ED-4395-9DEB-414A10355BBC}.Debug|iPhoneSimulator.Build.0 = Debug|Any CPU
		{80C4577E-32ED-4395-9DEB-414A10355BBC}.Debug|x64.ActiveCfg = Debug|Any CPU
		{80C4577E-32ED-4395-9DEB-414A10355BBC}.Debug|x64.Build.0 = Debug|Any CPU
		{80C4577E-32ED-4395-9DEB-414A10355BBC}.Debug|x86.ActiveCfg = Debug|Any CPU
		{80C4577E-32ED-4395-9DEB-414A10355BBC}.Debug|x86.Build.0 = Debug|Any CPU
		{80C4577E-32ED-4395-9DEB-414A10355BBC}.Release|Any CPU.ActiveCfg = Release|Any CPU
		{80C4577E-32ED-4395-9DEB-414A10355BBC}.Release|Any CPU.Build.0 = Release|Any CPU
		{80C4577E-32ED-4395-9DEB-414A10355BBC}.Release|ARM.ActiveCfg = Release|Any CPU
		{80C4577E-32ED-4395-9DEB-414A10355BBC}.Release|ARM.Build.0 = Release|Any CPU
		{80C4577E-32ED-4395-9DEB-414A10355BBC}.Release|iPhone.ActiveCfg = Release|Any CPU
		{80C4577E-32ED-4395-9DEB-414A10355BBC}.Release|iPhone.Build.0 = Release|Any CPU
		{80C4577E-32ED-4395-9DEB-414A10355BBC}.Release|iPhoneSimulator.ActiveCfg = Release|Any CPU
		{80C4577E-32ED-4395-9DEB-414A10355BBC}.Release|iPhoneSimulator.Build.0 = Release|Any CPU
		{80C4577E-32ED-4395-9DEB-414A10355BBC}.Release|x64.ActiveCfg = Release|Any CPU
		{80C4577E-32ED-4395-9DEB-414A10355BBC}.Release|x64.Build.0 = Release|Any CPU
		{80C4577E-32ED-4395-9DEB-414A10355BBC}.Release|x86.ActiveCfg = Release|Any CPU
		{80C4577E-32ED-4395-9DEB-414A10355BBC}.Release|x86.Build.0 = Release|Any CPU
		{58FD8DD5-42EA-4DC8-A3E4-501320E43D9F}.Ad-Hoc|Any CPU.ActiveCfg = Release|x86
		{58FD8DD5-42EA-4DC8-A3E4-501320E43D9F}.Ad-Hoc|Any CPU.Build.0 = Release|x86
		{58FD8DD5-42EA-4DC8-A3E4-501320E43D9F}.Ad-Hoc|Any CPU.Deploy.0 = Release|x86
		{58FD8DD5-42EA-4DC8-A3E4-501320E43D9F}.Ad-Hoc|ARM.ActiveCfg = Release|ARM
		{58FD8DD5-42EA-4DC8-A3E4-501320E43D9F}.Ad-Hoc|ARM.Build.0 = Release|ARM
		{58FD8DD5-42EA-4DC8-A3E4-501320E43D9F}.Ad-Hoc|ARM.Deploy.0 = Release|ARM
		{58FD8DD5-42EA-4DC8-A3E4-501320E43D9F}.Ad-Hoc|iPhone.ActiveCfg = Release|x86
		{58FD8DD5-42EA-4DC8-A3E4-501320E43D9F}.Ad-Hoc|iPhone.Build.0 = Release|x86
		{58FD8DD5-42EA-4DC8-A3E4-501320E43D9F}.Ad-Hoc|iPhone.Deploy.0 = Release|x86
		{58FD8DD5-42EA-4DC8-A3E4-501320E43D9F}.Ad-Hoc|iPhoneSimulator.ActiveCfg = Release|x86
		{58FD8DD5-42EA-4DC8-A3E4-501320E43D9F}.Ad-Hoc|iPhoneSimulator.Build.0 = Release|x86
		{58FD8DD5-42EA-4DC8-A3E4-501320E43D9F}.Ad-Hoc|iPhoneSimulator.Deploy.0 = Release|x86
		{58FD8DD5-42EA-4DC8-A3E4-501320E43D9F}.Ad-Hoc|x64.ActiveCfg = Release|x64
		{58FD8DD5-42EA-4DC8-A3E4-501320E43D9F}.Ad-Hoc|x64.Build.0 = Release|x64
		{58FD8DD5-42EA-4DC8-A3E4-501320E43D9F}.Ad-Hoc|x64.Deploy.0 = Release|x64
		{58FD8DD5-42EA-4DC8-A3E4-501320E43D9F}.Ad-Hoc|x86.ActiveCfg = Release|x86
		{58FD8DD5-42EA-4DC8-A3E4-501320E43D9F}.Ad-Hoc|x86.Build.0 = Release|x86
		{58FD8DD5-42EA-4DC8-A3E4-501320E43D9F}.Ad-Hoc|x86.Deploy.0 = Release|x86
		{58FD8DD5-42EA-4DC8-A3E4-501320E43D9F}.AppStore|Any CPU.ActiveCfg = Release|x86
		{58FD8DD5-42EA-4DC8-A3E4-501320E43D9F}.AppStore|Any CPU.Build.0 = Release|x86
		{58FD8DD5-42EA-4DC8-A3E4-501320E43D9F}.AppStore|Any CPU.Deploy.0 = Release|x86
		{58FD8DD5-42EA-4DC8-A3E4-501320E43D9F}.AppStore|ARM.ActiveCfg = Release|ARM
		{58FD8DD5-42EA-4DC8-A3E4-501320E43D9F}.AppStore|ARM.Build.0 = Release|ARM
		{58FD8DD5-42EA-4DC8-A3E4-501320E43D9F}.AppStore|ARM.Deploy.0 = Release|ARM
		{58FD8DD5-42EA-4DC8-A3E4-501320E43D9F}.AppStore|iPhone.ActiveCfg = Release|x86
		{58FD8DD5-42EA-4DC8-A3E4-501320E43D9F}.AppStore|iPhone.Build.0 = Release|x86
		{58FD8DD5-42EA-4DC8-A3E4-501320E43D9F}.AppStore|iPhone.Deploy.0 = Release|x86
		{58FD8DD5-42EA-4DC8-A3E4-501320E43D9F}.AppStore|iPhoneSimulator.ActiveCfg = Release|x86
		{58FD8DD5-42EA-4DC8-A3E4-501320E43D9F}.AppStore|iPhoneSimulator.Build.0 = Release|x86
		{58FD8DD5-42EA-4DC8-A3E4-501320E43D9F}.AppStore|iPhoneSimulator.Deploy.0 = Release|x86
		{58FD8DD5-42EA-4DC8-A3E4-501320E43D9F}.AppStore|x64.ActiveCfg = Release|x64
		{58FD8DD5-42EA-4DC8-A3E4-501320E43D9F}.AppStore|x64.Build.0 = Release|x64
		{58FD8DD5-42EA-4DC8-A3E4-501320E43D9F}.AppStore|x64.Deploy.0 = Release|x64
		{58FD8DD5-42EA-4DC8-A3E4-501320E43D9F}.AppStore|x86.ActiveCfg = Release|x86
		{58FD8DD5-42EA-4DC8-A3E4-501320E43D9F}.AppStore|x86.Build.0 = Release|x86
		{58FD8DD5-42EA-4DC8-A3E4-501320E43D9F}.AppStore|x86.Deploy.0 = Release|x86
		{58FD8DD5-42EA-4DC8-A3E4-501320E43D9F}.Debug|Any CPU.ActiveCfg = Debug|x86
		{58FD8DD5-42EA-4DC8-A3E4-501320E43D9F}.Debug|ARM.ActiveCfg = Debug|ARM
		{58FD8DD5-42EA-4DC8-A3E4-501320E43D9F}.Debug|ARM.Build.0 = Debug|ARM
		{58FD8DD5-42EA-4DC8-A3E4-501320E43D9F}.Debug|ARM.Deploy.0 = Debug|ARM
		{58FD8DD5-42EA-4DC8-A3E4-501320E43D9F}.Debug|iPhone.ActiveCfg = Debug|x86
		{58FD8DD5-42EA-4DC8-A3E4-501320E43D9F}.Debug|iPhoneSimulator.ActiveCfg = Debug|x86
		{58FD8DD5-42EA-4DC8-A3E4-501320E43D9F}.Debug|x64.ActiveCfg = Debug|x64
		{58FD8DD5-42EA-4DC8-A3E4-501320E43D9F}.Debug|x64.Build.0 = Debug|x64
		{58FD8DD5-42EA-4DC8-A3E4-501320E43D9F}.Debug|x64.Deploy.0 = Debug|x64
		{58FD8DD5-42EA-4DC8-A3E4-501320E43D9F}.Debug|x86.ActiveCfg = Debug|x86
		{58FD8DD5-42EA-4DC8-A3E4-501320E43D9F}.Debug|x86.Build.0 = Debug|x86
		{58FD8DD5-42EA-4DC8-A3E4-501320E43D9F}.Debug|x86.Deploy.0 = Debug|x86
		{58FD8DD5-42EA-4DC8-A3E4-501320E43D9F}.Release|Any CPU.ActiveCfg = Release|x86
		{58FD8DD5-42EA-4DC8-A3E4-501320E43D9F}.Release|ARM.ActiveCfg = Release|ARM
		{58FD8DD5-42EA-4DC8-A3E4-501320E43D9F}.Release|ARM.Build.0 = Release|ARM
		{58FD8DD5-42EA-4DC8-A3E4-501320E43D9F}.Release|ARM.Deploy.0 = Release|ARM
		{58FD8DD5-42EA-4DC8-A3E4-501320E43D9F}.Release|iPhone.ActiveCfg = Release|x86
		{58FD8DD5-42EA-4DC8-A3E4-501320E43D9F}.Release|iPhoneSimulator.ActiveCfg = Release|x86
		{58FD8DD5-42EA-4DC8-A3E4-501320E43D9F}.Release|x64.ActiveCfg = Release|x64
		{58FD8DD5-42EA-4DC8-A3E4-501320E43D9F}.Release|x64.Build.0 = Release|x64
		{58FD8DD5-42EA-4DC8-A3E4-501320E43D9F}.Release|x64.Deploy.0 = Release|x64
		{58FD8DD5-42EA-4DC8-A3E4-501320E43D9F}.Release|x86.ActiveCfg = Release|x86
		{58FD8DD5-42EA-4DC8-A3E4-501320E43D9F}.Release|x86.Build.0 = Release|x86
		{58FD8DD5-42EA-4DC8-A3E4-501320E43D9F}.Release|x86.Deploy.0 = Release|x86
		{B999A32A-5102-464B-B7EA-4122ADFDD4C6}.Ad-Hoc|Any CPU.ActiveCfg = Ad-Hoc|iPhoneSimulator
		{B999A32A-5102-464B-B7EA-4122ADFDD4C6}.Ad-Hoc|ARM.ActiveCfg = Ad-Hoc|iPhone
		{B999A32A-5102-464B-B7EA-4122ADFDD4C6}.Ad-Hoc|iPhone.ActiveCfg = Ad-Hoc|iPhone
		{B999A32A-5102-464B-B7EA-4122ADFDD4C6}.Ad-Hoc|iPhone.Build.0 = Ad-Hoc|iPhone
		{B999A32A-5102-464B-B7EA-4122ADFDD4C6}.Ad-Hoc|iPhoneSimulator.ActiveCfg = Ad-Hoc|iPhoneSimulator
		{B999A32A-5102-464B-B7EA-4122ADFDD4C6}.Ad-Hoc|iPhoneSimulator.Build.0 = Ad-Hoc|iPhoneSimulator
		{B999A32A-5102-464B-B7EA-4122ADFDD4C6}.Ad-Hoc|x64.ActiveCfg = Ad-Hoc|iPhone
		{B999A32A-5102-464B-B7EA-4122ADFDD4C6}.Ad-Hoc|x86.ActiveCfg = Ad-Hoc|iPhone
		{B999A32A-5102-464B-B7EA-4122ADFDD4C6}.AppStore|Any CPU.ActiveCfg = AppStore|iPhoneSimulator
		{B999A32A-5102-464B-B7EA-4122ADFDD4C6}.AppStore|ARM.ActiveCfg = AppStore|iPhone
		{B999A32A-5102-464B-B7EA-4122ADFDD4C6}.AppStore|iPhone.ActiveCfg = AppStore|iPhone
		{B999A32A-5102-464B-B7EA-4122ADFDD4C6}.AppStore|iPhone.Build.0 = AppStore|iPhone
		{B999A32A-5102-464B-B7EA-4122ADFDD4C6}.AppStore|iPhoneSimulator.ActiveCfg = AppStore|iPhoneSimulator
		{B999A32A-5102-464B-B7EA-4122ADFDD4C6}.AppStore|iPhoneSimulator.Build.0 = AppStore|iPhoneSimulator
		{B999A32A-5102-464B-B7EA-4122ADFDD4C6}.AppStore|x64.ActiveCfg = AppStore|iPhone
		{B999A32A-5102-464B-B7EA-4122ADFDD4C6}.AppStore|x86.ActiveCfg = AppStore|iPhone
		{B999A32A-5102-464B-B7EA-4122ADFDD4C6}.Debug|Any CPU.ActiveCfg = Debug|iPhoneSimulator
		{B999A32A-5102-464B-B7EA-4122ADFDD4C6}.Debug|ARM.ActiveCfg = Debug|iPhone
		{B999A32A-5102-464B-B7EA-4122ADFDD4C6}.Debug|iPhone.ActiveCfg = Debug|iPhone
		{B999A32A-5102-464B-B7EA-4122ADFDD4C6}.Debug|iPhone.Build.0 = Debug|iPhone
		{B999A32A-5102-464B-B7EA-4122ADFDD4C6}.Debug|iPhoneSimulator.ActiveCfg = Debug|iPhoneSimulator
		{B999A32A-5102-464B-B7EA-4122ADFDD4C6}.Debug|iPhoneSimulator.Build.0 = Debug|iPhoneSimulator
		{B999A32A-5102-464B-B7EA-4122ADFDD4C6}.Debug|x64.ActiveCfg = Debug|iPhone
		{B999A32A-5102-464B-B7EA-4122ADFDD4C6}.Debug|x86.ActiveCfg = Debug|iPhone
		{B999A32A-5102-464B-B7EA-4122ADFDD4C6}.Release|Any CPU.ActiveCfg = Release|iPhoneSimulator
		{B999A32A-5102-464B-B7EA-4122ADFDD4C6}.Release|ARM.ActiveCfg = Release|iPhone
		{B999A32A-5102-464B-B7EA-4122ADFDD4C6}.Release|iPhone.ActiveCfg = Release|iPhone
		{B999A32A-5102-464B-B7EA-4122ADFDD4C6}.Release|iPhone.Build.0 = Release|iPhone
		{B999A32A-5102-464B-B7EA-4122ADFDD4C6}.Release|iPhoneSimulator.ActiveCfg = Release|iPhoneSimulator
		{B999A32A-5102-464B-B7EA-4122ADFDD4C6}.Release|iPhoneSimulator.Build.0 = Release|iPhoneSimulator
		{B999A32A-5102-464B-B7EA-4122ADFDD4C6}.Release|x64.ActiveCfg = Release|iPhone
		{B999A32A-5102-464B-B7EA-4122ADFDD4C6}.Release|x86.ActiveCfg = Release|iPhone
		{A1A041A6-1D1F-4184-B3BD-17D4EAA8B362}.Ad-Hoc|Any CPU.ActiveCfg = Debug|Any CPU
		{A1A041A6-1D1F-4184-B3BD-17D4EAA8B362}.Ad-Hoc|Any CPU.Build.0 = Debug|Any CPU
		{A1A041A6-1D1F-4184-B3BD-17D4EAA8B362}.Ad-Hoc|ARM.ActiveCfg = Debug|Any CPU
		{A1A041A6-1D1F-4184-B3BD-17D4EAA8B362}.Ad-Hoc|ARM.Build.0 = Debug|Any CPU
		{A1A041A6-1D1F-4184-B3BD-17D4EAA8B362}.Ad-Hoc|iPhone.ActiveCfg = Debug|Any CPU
		{A1A041A6-1D1F-4184-B3BD-17D4EAA8B362}.Ad-Hoc|iPhone.Build.0 = Debug|Any CPU
		{A1A041A6-1D1F-4184-B3BD-17D4EAA8B362}.Ad-Hoc|iPhoneSimulator.ActiveCfg = Debug|Any CPU
		{A1A041A6-1D1F-4184-B3BD-17D4EAA8B362}.Ad-Hoc|iPhoneSimulator.Build.0 = Debug|Any CPU
		{A1A041A6-1D1F-4184-B3BD-17D4EAA8B362}.Ad-Hoc|x64.ActiveCfg = Debug|Any CPU
		{A1A041A6-1D1F-4184-B3BD-17D4EAA8B362}.Ad-Hoc|x64.Build.0 = Debug|Any CPU
		{A1A041A6-1D1F-4184-B3BD-17D4EAA8B362}.Ad-Hoc|x86.ActiveCfg = Debug|Any CPU
		{A1A041A6-1D1F-4184-B3BD-17D4EAA8B362}.Ad-Hoc|x86.Build.0 = Debug|Any CPU
		{A1A041A6-1D1F-4184-B3BD-17D4EAA8B362}.AppStore|Any CPU.ActiveCfg = Debug|Any CPU
		{A1A041A6-1D1F-4184-B3BD-17D4EAA8B362}.AppStore|Any CPU.Build.0 = Debug|Any CPU
		{A1A041A6-1D1F-4184-B3BD-17D4EAA8B362}.AppStore|ARM.ActiveCfg = Debug|Any CPU
		{A1A041A6-1D1F-4184-B3BD-17D4EAA8B362}.AppStore|ARM.Build.0 = Debug|Any CPU
		{A1A041A6-1D1F-4184-B3BD-17D4EAA8B362}.AppStore|iPhone.ActiveCfg = Debug|Any CPU
		{A1A041A6-1D1F-4184-B3BD-17D4EAA8B362}.AppStore|iPhone.Build.0 = Debug|Any CPU
		{A1A041A6-1D1F-4184-B3BD-17D4EAA8B362}.AppStore|iPhoneSimulator.ActiveCfg = Debug|Any CPU
		{A1A041A6-1D1F-4184-B3BD-17D4EAA8B362}.AppStore|iPhoneSimulator.Build.0 = Debug|Any CPU
		{A1A041A6-1D1F-4184-B3BD-17D4EAA8B362}.AppStore|x64.ActiveCfg = Debug|Any CPU
		{A1A041A6-1D1F-4184-B3BD-17D4EAA8B362}.AppStore|x64.Build.0 = Debug|Any CPU
		{A1A041A6-1D1F-4184-B3BD-17D4EAA8B362}.AppStore|x86.ActiveCfg = Debug|Any CPU
		{A1A041A6-1D1F-4184-B3BD-17D4EAA8B362}.AppStore|x86.Build.0 = Debug|Any CPU
		{A1A041A6-1D1F-4184-B3BD-17D4EAA8B362}.Debug|Any CPU.ActiveCfg = Debug|Any CPU
		{A1A041A6-1D1F-4184-B3BD-17D4EAA8B362}.Debug|Any CPU.Build.0 = Debug|Any CPU
		{A1A041A6-1D1F-4184-B3BD-17D4EAA8B362}.Debug|ARM.ActiveCfg = Debug|Any CPU
		{A1A041A6-1D1F-4184-B3BD-17D4EAA8B362}.Debug|ARM.Build.0 = Debug|Any CPU
		{A1A041A6-1D1F-4184-B3BD-17D4EAA8B362}.Debug|iPhone.ActiveCfg = Debug|Any CPU
		{A1A041A6-1D1F-4184-B3BD-17D4EAA8B362}.Debug|iPhone.Build.0 = Debug|Any CPU
		{A1A041A6-1D1F-4184-B3BD-17D4EAA8B362}.Debug|iPhoneSimulator.ActiveCfg = Debug|Any CPU
		{A1A041A6-1D1F-4184-B3BD-17D4EAA8B362}.Debug|iPhoneSimulator.Build.0 = Debug|Any CPU
		{A1A041A6-1D1F-4184-B3BD-17D4EAA8B362}.Debug|x64.ActiveCfg = Debug|Any CPU
		{A1A041A6-1D1F-4184-B3BD-17D4EAA8B362}.Debug|x64.Build.0 = Debug|Any CPU
		{A1A041A6-1D1F-4184-B3BD-17D4EAA8B362}.Debug|x86.ActiveCfg = Debug|Any CPU
		{A1A041A6-1D1F-4184-B3BD-17D4EAA8B362}.Debug|x86.Build.0 = Debug|Any CPU
		{A1A041A6-1D1F-4184-B3BD-17D4EAA8B362}.Release|Any CPU.ActiveCfg = Release|Any CPU
		{A1A041A6-1D1F-4184-B3BD-17D4EAA8B362}.Release|Any CPU.Build.0 = Release|Any CPU
		{A1A041A6-1D1F-4184-B3BD-17D4EAA8B362}.Release|ARM.ActiveCfg = Release|Any CPU
		{A1A041A6-1D1F-4184-B3BD-17D4EAA8B362}.Release|ARM.Build.0 = Release|Any CPU
		{A1A041A6-1D1F-4184-B3BD-17D4EAA8B362}.Release|iPhone.ActiveCfg = Release|Any CPU
		{A1A041A6-1D1F-4184-B3BD-17D4EAA8B362}.Release|iPhone.Build.0 = Release|Any CPU
		{A1A041A6-1D1F-4184-B3BD-17D4EAA8B362}.Release|iPhoneSimulator.ActiveCfg = Release|Any CPU
		{A1A041A6-1D1F-4184-B3BD-17D4EAA8B362}.Release|iPhoneSimulator.Build.0 = Release|Any CPU
		{A1A041A6-1D1F-4184-B3BD-17D4EAA8B362}.Release|x64.ActiveCfg = Release|Any CPU
		{A1A041A6-1D1F-4184-B3BD-17D4EAA8B362}.Release|x64.Build.0 = Release|Any CPU
		{A1A041A6-1D1F-4184-B3BD-17D4EAA8B362}.Release|x86.ActiveCfg = Release|Any CPU
		{A1A041A6-1D1F-4184-B3BD-17D4EAA8B362}.Release|x86.Build.0 = Release|Any CPU
	EndGlobalSection
	GlobalSection(SolutionProperties) = preSolution
		HideSolutionNode = FALSE
	EndGlobalSection
	GlobalSection(ExtensibilityGlobals) = postSolution
		SolutionGuid = {16458E46-4DF9-4223-9456-A48953BD5AF2}
	EndGlobalSection
EndGlobal
